
Microsoft Visual Studio Solution File, Format Version 12.00
# Visual Studio Version 17
VisualStudioVersion = 17.0.32014.148
MinimumVisualStudioVersion = 10.0.40219.1
Project("{FAE04EC0-301F-11D3-BF4B-00C04F79EFBC}") = "Simon Says", "Simon Says.csproj", "{36B3A895-8F49-41BC-8218-71C9E1248527}"
EndProject
Global
	GlobalSection(SolutionConfigurationPlatforms) = preSolution
		Debug|Any CPU = Debug|Any CPU
		Release|Any CPU = Release|Any CPU
	EndGlobalSection
	GlobalSection(ProjectConfigurationPlatforms) = postSolution
		{36B3A895-8F49-41BC-8218-71C9E1248527}.Debug|Any CPU.ActiveCfg = Debug|Any CPU
		{36B3A895-8F49-41BC-8218-71C9E1248527}.Debug|Any CPU.Build.0 = Debug|Any CPU
		{36B3A895-8F49-41BC-8218-71C9E1248527}.Release|Any CPU.ActiveCfg = Release|Any CPU
		{36B3A895-8F49-41BC-8218-71C9E1248527}.Release|Any CPU.Build.0 = Release|Any CPU
	EndGlobalSection
	GlobalSection(SolutionProperties) = preSolution
		HideSolutionNode = FALSE
	EndGlobalSection
	GlobalSection(ExtensibilityGlobals) = postSolution
		SolutionGuid = {5C716BCB-BE82-4258-A45E-F32A72AED1A7}
	EndGlobalSection
EndGlobal
