
Microsoft Visual Studio Solution File, Format Version 12.00
# Visual Studio Version 17
VisualStudioVersion = 17.0.32014.148
MinimumVisualStudioVersion = 10.0.40219.1
Project("{FAE04EC0-301F-11D3-BF4B-00C04F79EFBC}") = "TwoSum", "TwoSum.csproj", "{9FC240BC-E8D5-43DA-9698-58F8EBDC1AEC}"
EndProject
Global
	GlobalSection(SolutionConfigurationPlatforms) = preSolution
		Debug|Any CPU = Debug|Any CPU
		Release|Any CPU = Release|Any CPU
	EndGlobalSection
	GlobalSection(ProjectConfigurationPlatforms) = postSolution
		{9FC240BC-E8D5-43DA-9698-58F8EBDC1AEC}.Debug|Any CPU.ActiveCfg = Debug|Any CPU
		{9FC240BC-E8D5-43DA-9698-58F8EBDC1AEC}.Debug|Any CPU.Build.0 = Debug|Any CPU
		{9FC240BC-E8D5-43DA-9698-58F8EBDC1AEC}.Release|Any CPU.ActiveCfg = Release|Any CPU
		{9FC240BC-E8D5-43DA-9698-58F8EBDC1AEC}.Release|Any CPU.Build.0 = Release|Any CPU
	EndGlobalSection
	GlobalSection(SolutionProperties) = preSolution
		HideSolutionNode = FALSE
	EndGlobalSection
	GlobalSection(ExtensibilityGlobals) = postSolution
		SolutionGuid = {17CB1715-7E39-4B37-A577-069523B8DFD6}
	EndGlobalSection
EndGlobal
