
Microsoft Visual Studio Solution File, Format Version 12.00
# Visual Studio Version 17
VisualStudioVersion = 17.0.31912.275
MinimumVisualStudioVersion = 10.0.40219.1
Project("{FAE04EC0-301F-11D3-BF4B-00C04F79EFBC}") = "Kattis Session Nr5", "Kattis Session Nr5\Kattis Session Nr5.csproj", "{FF19B02E-9834-4710-AEFB-456115D86FF4}"
EndProject
Global
	GlobalSection(SolutionConfigurationPlatforms) = preSolution
		Debug|Any CPU = Debug|Any CPU
		Release|Any CPU = Release|Any CPU
	EndGlobalSection
	GlobalSection(ProjectConfigurationPlatforms) = postSolution
		{FF19B02E-9834-4710-AEFB-456115D86FF4}.Debug|Any CPU.ActiveCfg = Debug|Any CPU
		{FF19B02E-9834-4710-AEFB-456115D86FF4}.Debug|Any CPU.Build.0 = Debug|Any CPU
		{FF19B02E-9834-4710-AEFB-456115D86FF4}.Release|Any CPU.ActiveCfg = Release|Any CPU
		{FF19B02E-9834-4710-AEFB-456115D86FF4}.Release|Any CPU.Build.0 = Release|Any CPU
	EndGlobalSection
	GlobalSection(SolutionProperties) = preSolution
		HideSolutionNode = FALSE
	EndGlobalSection
	GlobalSection(ExtensibilityGlobals) = postSolution
		SolutionGuid = {881A56D4-0F41-4BFC-9B4A-508733E333A7}
	EndGlobalSection
EndGlobal
