
Microsoft Visual Studio Solution File, Format Version 12.00
# Visual Studio Version 17
VisualStudioVersion = 17.0.31912.275
MinimumVisualStudioVersion = 10.0.40219.1
Project("{FAE04EC0-301F-11D3-BF4B-00C04F79EFBC}") = "Problem A School Sprint", "Problem A School Sprint.csproj", "{9E7DAB07-4F8E-433F-8993-F270045FD848}"
EndProject
Global
	GlobalSection(SolutionConfigurationPlatforms) = preSolution
		Debug|Any CPU = Debug|Any CPU
		Release|Any CPU = Release|Any CPU
	EndGlobalSection
	GlobalSection(ProjectConfigurationPlatforms) = postSolution
		{9E7DAB07-4F8E-433F-8993-F270045FD848}.Debug|Any CPU.ActiveCfg = Debug|Any CPU
		{9E7DAB07-4F8E-433F-8993-F270045FD848}.Debug|Any CPU.Build.0 = Debug|Any CPU
		{9E7DAB07-4F8E-433F-8993-F270045FD848}.Release|Any CPU.ActiveCfg = Release|Any CPU
		{9E7DAB07-4F8E-433F-8993-F270045FD848}.Release|Any CPU.Build.0 = Release|Any CPU
	EndGlobalSection
	GlobalSection(SolutionProperties) = preSolution
		HideSolutionNode = FALSE
	EndGlobalSection
	GlobalSection(ExtensibilityGlobals) = postSolution
		SolutionGuid = {23DA4F12-F31D-47DE-958E-E59B886167DE}
	EndGlobalSection
EndGlobal
