
Microsoft Visual Studio Solution File, Format Version 12.00
# Visual Studio Version 17
VisualStudioVersion = 17.0.31912.275
MinimumVisualStudioVersion = 10.0.40219.1
Project("{FAE04EC0-301F-11D3-BF4B-00C04F79EFBC}") = "Chanukah Challenge", "Chanukah Challenge.csproj", "{22FEDE29-8307-4B82-9B56-AB0BBEBBBD18}"
EndProject
Global
	GlobalSection(SolutionConfigurationPlatforms) = preSolution
		Debug|Any CPU = Debug|Any CPU
		Release|Any CPU = Release|Any CPU
	EndGlobalSection
	GlobalSection(ProjectConfigurationPlatforms) = postSolution
		{22FEDE29-8307-4B82-9B56-AB0BBEBBBD18}.Debug|Any CPU.ActiveCfg = Debug|Any CPU
		{22FEDE29-8307-4B82-9B56-AB0BBEBBBD18}.Debug|Any CPU.Build.0 = Debug|Any CPU
		{22FEDE29-8307-4B82-9B56-AB0BBEBBBD18}.Release|Any CPU.ActiveCfg = Release|Any CPU
		{22FEDE29-8307-4B82-9B56-AB0BBEBBBD18}.Release|Any CPU.Build.0 = Release|Any CPU
	EndGlobalSection
	GlobalSection(SolutionProperties) = preSolution
		HideSolutionNode = FALSE
	EndGlobalSection
	GlobalSection(ExtensibilityGlobals) = postSolution
		SolutionGuid = {65B1087A-858B-4949-9CE4-EEEDF85E9672}
	EndGlobalSection
EndGlobal
