
Microsoft Visual Studio Solution File, Format Version 12.00
# Visual Studio Version 17
VisualStudioVersion = 17.0.32014.148
MinimumVisualStudioVersion = 10.0.40219.1
Project("{FAE04EC0-301F-11D3-BF4B-00C04F79EFBC}") = "DigitSwap", "DigitSwap.csproj", "{AF166105-EA98-4BAB-B6AF-0D6C0BA4F4C9}"
EndProject
Global
	GlobalSection(SolutionConfigurationPlatforms) = preSolution
		Debug|Any CPU = Debug|Any CPU
		Release|Any CPU = Release|Any CPU
	EndGlobalSection
	GlobalSection(ProjectConfigurationPlatforms) = postSolution
		{AF166105-EA98-4BAB-B6AF-0D6C0BA4F4C9}.Debug|Any CPU.ActiveCfg = Debug|Any CPU
		{AF166105-EA98-4BAB-B6AF-0D6C0BA4F4C9}.Debug|Any CPU.Build.0 = Debug|Any CPU
		{AF166105-EA98-4BAB-B6AF-0D6C0BA4F4C9}.Release|Any CPU.ActiveCfg = Release|Any CPU
		{AF166105-EA98-4BAB-B6AF-0D6C0BA4F4C9}.Release|Any CPU.Build.0 = Release|Any CPU
	EndGlobalSection
	GlobalSection(SolutionProperties) = preSolution
		HideSolutionNode = FALSE
	EndGlobalSection
	GlobalSection(ExtensibilityGlobals) = postSolution
		SolutionGuid = {6090552B-5641-4755-8ADB-790B0ADC8BC3}
	EndGlobalSection
EndGlobal
