
Microsoft Visual Studio Solution File, Format Version 12.00
# Visual Studio Version 17
VisualStudioVersion = 17.0.31912.275
MinimumVisualStudioVersion = 10.0.40219.1
Project("{FAE04EC0-301F-11D3-BF4B-00C04F79EFBC}") = "Fifty Shades of Pink", "Fifty Shades of Pink.csproj", "{3185F0F8-A9E7-4048-98BE-F023E8289FBD}"
EndProject
Global
	GlobalSection(SolutionConfigurationPlatforms) = preSolution
		Debug|Any CPU = Debug|Any CPU
		Release|Any CPU = Release|Any CPU
	EndGlobalSection
	GlobalSection(ProjectConfigurationPlatforms) = postSolution
		{3185F0F8-A9E7-4048-98BE-F023E8289FBD}.Debug|Any CPU.ActiveCfg = Debug|Any CPU
		{3185F0F8-A9E7-4048-98BE-F023E8289FBD}.Debug|Any CPU.Build.0 = Debug|Any CPU
		{3185F0F8-A9E7-4048-98BE-F023E8289FBD}.Release|Any CPU.ActiveCfg = Release|Any CPU
		{3185F0F8-A9E7-4048-98BE-F023E8289FBD}.Release|Any CPU.Build.0 = Release|Any CPU
	EndGlobalSection
	GlobalSection(SolutionProperties) = preSolution
		HideSolutionNode = FALSE
	EndGlobalSection
	GlobalSection(ExtensibilityGlobals) = postSolution
		SolutionGuid = {268B8AC6-3FB4-4E17-8A9F-FA140279779A}
	EndGlobalSection
EndGlobal
