
Microsoft Visual Studio Solution File, Format Version 12.00
# Visual Studio Version 17
VisualStudioVersion = 17.3.32901.215
MinimumVisualStudioVersion = 10.0.40219.1
Project("{FAE04EC0-301F-11D3-BF4B-00C04F79EFBC}") = "Adding Trouble", "Adding Trouble.csproj", "{2A579FA1-10D3-4BAC-8653-7384E034640E}"
EndProject
Global
	GlobalSection(SolutionConfigurationPlatforms) = preSolution
		Debug|Any CPU = Debug|Any CPU
		Release|Any CPU = Release|Any CPU
	EndGlobalSection
	GlobalSection(ProjectConfigurationPlatforms) = postSolution
		{2A579FA1-10D3-4BAC-8653-7384E034640E}.Debug|Any CPU.ActiveCfg = Debug|Any CPU
		{2A579FA1-10D3-4BAC-8653-7384E034640E}.Debug|Any CPU.Build.0 = Debug|Any CPU
		{2A579FA1-10D3-4BAC-8653-7384E034640E}.Release|Any CPU.ActiveCfg = Release|Any CPU
		{2A579FA1-10D3-4BAC-8653-7384E034640E}.Release|Any CPU.Build.0 = Release|Any CPU
	EndGlobalSection
	GlobalSection(SolutionProperties) = preSolution
		HideSolutionNode = FALSE
	EndGlobalSection
	GlobalSection(ExtensibilityGlobals) = postSolution
		SolutionGuid = {9A2B7A77-FD8F-4DBF-913E-8E23EAD95E58}
	EndGlobalSection
EndGlobal
