
Microsoft Visual Studio Solution File, Format Version 12.00
# Visual Studio Version 17
VisualStudioVersion = 17.0.32014.148
MinimumVisualStudioVersion = 10.0.40219.1
Project("{FAE04EC0-301F-11D3-BF4B-00C04F79EFBC}") = "Roaming Romans", "Roaming Romans.csproj", "{D5F0D606-7F14-4D6B-AE81-530CAD9F78CB}"
EndProject
Global
	GlobalSection(SolutionConfigurationPlatforms) = preSolution
		Debug|Any CPU = Debug|Any CPU
		Release|Any CPU = Release|Any CPU
	EndGlobalSection
	GlobalSection(ProjectConfigurationPlatforms) = postSolution
		{D5F0D606-7F14-4D6B-AE81-530CAD9F78CB}.Debug|Any CPU.ActiveCfg = Debug|Any CPU
		{D5F0D606-7F14-4D6B-AE81-530CAD9F78CB}.Debug|Any CPU.Build.0 = Debug|Any CPU
		{D5F0D606-7F14-4D6B-AE81-530CAD9F78CB}.Release|Any CPU.ActiveCfg = Release|Any CPU
		{D5F0D606-7F14-4D6B-AE81-530CAD9F78CB}.Release|Any CPU.Build.0 = Release|Any CPU
	EndGlobalSection
	GlobalSection(SolutionProperties) = preSolution
		HideSolutionNode = FALSE
	EndGlobalSection
	GlobalSection(ExtensibilityGlobals) = postSolution
		SolutionGuid = {BD882330-D107-4382-8537-794E330693F7}
	EndGlobalSection
EndGlobal
