
Microsoft Visual Studio Solution File, Format Version 12.00
# Visual Studio Version 17
VisualStudioVersion = 17.0.32014.148
MinimumVisualStudioVersion = 10.0.40219.1
Project("{FAE04EC0-301F-11D3-BF4B-00C04F79EFBC}") = "Kattis_ElectricalAutlets", "Kattis_ElectricalAutlets.csproj", "{0435BB98-9F02-46F7-A75D-F67E717A2CCA}"
EndProject
Global
	GlobalSection(SolutionConfigurationPlatforms) = preSolution
		Debug|Any CPU = Debug|Any CPU
		Release|Any CPU = Release|Any CPU
	EndGlobalSection
	GlobalSection(ProjectConfigurationPlatforms) = postSolution
		{0435BB98-9F02-46F7-A75D-F67E717A2CCA}.Debug|Any CPU.ActiveCfg = Debug|Any CPU
		{0435BB98-9F02-46F7-A75D-F67E717A2CCA}.Debug|Any CPU.Build.0 = Debug|Any CPU
		{0435BB98-9F02-46F7-A75D-F67E717A2CCA}.Release|Any CPU.ActiveCfg = Release|Any CPU
		{0435BB98-9F02-46F7-A75D-F67E717A2CCA}.Release|Any CPU.Build.0 = Release|Any CPU
	EndGlobalSection
	GlobalSection(SolutionProperties) = preSolution
		HideSolutionNode = FALSE
	EndGlobalSection
	GlobalSection(ExtensibilityGlobals) = postSolution
		SolutionGuid = {FC4CA8DD-7A1F-42B5-9804-4518F613F6B0}
	EndGlobalSection
EndGlobal
