
Microsoft Visual Studio Solution File, Format Version 12.00
# Visual Studio Version 17
VisualStudioVersion = 17.0.32014.148
MinimumVisualStudioVersion = 10.0.40219.1
Project("{FAE04EC0-301F-11D3-BF4B-00C04F79EFBC}") = "Kattis Pot", "Kattis Pot.csproj", "{6F980376-C530-4744-B3EC-AED15C54A6EB}"
EndProject
Global
	GlobalSection(SolutionConfigurationPlatforms) = preSolution
		Debug|Any CPU = Debug|Any CPU
		Release|Any CPU = Release|Any CPU
	EndGlobalSection
	GlobalSection(ProjectConfigurationPlatforms) = postSolution
		{6F980376-C530-4744-B3EC-AED15C54A6EB}.Debug|Any CPU.ActiveCfg = Debug|Any CPU
		{6F980376-C530-4744-B3EC-AED15C54A6EB}.Debug|Any CPU.Build.0 = Debug|Any CPU
		{6F980376-C530-4744-B3EC-AED15C54A6EB}.Release|Any CPU.ActiveCfg = Release|Any CPU
		{6F980376-C530-4744-B3EC-AED15C54A6EB}.Release|Any CPU.Build.0 = Release|Any CPU
	EndGlobalSection
	GlobalSection(SolutionProperties) = preSolution
		HideSolutionNode = FALSE
	EndGlobalSection
	GlobalSection(ExtensibilityGlobals) = postSolution
		SolutionGuid = {E6DA0631-AEBF-4588-A419-C2553F6226CB}
	EndGlobalSection
EndGlobal
