
Microsoft Visual Studio Solution File, Format Version 12.00
# Visual Studio Version 17
VisualStudioVersion = 17.0.32014.148
MinimumVisualStudioVersion = 10.0.40219.1
Project("{FAE04EC0-301F-11D3-BF4B-00C04F79EFBC}") = "Is_it_Halloween", "Is_it_Halloween.csproj", "{2009D650-7882-41EA-99D4-89C0375176E0}"
EndProject
Global
	GlobalSection(SolutionConfigurationPlatforms) = preSolution
		Debug|Any CPU = Debug|Any CPU
		Release|Any CPU = Release|Any CPU
	EndGlobalSection
	GlobalSection(ProjectConfigurationPlatforms) = postSolution
		{2009D650-7882-41EA-99D4-89C0375176E0}.Debug|Any CPU.ActiveCfg = Debug|Any CPU
		{2009D650-7882-41EA-99D4-89C0375176E0}.Debug|Any CPU.Build.0 = Debug|Any CPU
		{2009D650-7882-41EA-99D4-89C0375176E0}.Release|Any CPU.ActiveCfg = Release|Any CPU
		{2009D650-7882-41EA-99D4-89C0375176E0}.Release|Any CPU.Build.0 = Release|Any CPU
	EndGlobalSection
	GlobalSection(SolutionProperties) = preSolution
		HideSolutionNode = FALSE
	EndGlobalSection
	GlobalSection(ExtensibilityGlobals) = postSolution
		SolutionGuid = {8AF4F5C5-1CFB-46B8-B65B-3CE569B46467}
	EndGlobalSection
EndGlobal
