
Microsoft Visual Studio Solution File, Format Version 12.00
# Visual Studio Version 17
VisualStudioVersion = 17.0.32014.148
MinimumVisualStudioVersion = 10.0.40219.1
Project("{FAE04EC0-301F-11D3-BF4B-00C04F79EFBC}") = "Tarifa", "Tarifa.csproj", "{9233E60D-918F-4541-A6C6-8DB2CE928F82}"
EndProject
Global
	GlobalSection(SolutionConfigurationPlatforms) = preSolution
		Debug|Any CPU = Debug|Any CPU
		Release|Any CPU = Release|Any CPU
	EndGlobalSection
	GlobalSection(ProjectConfigurationPlatforms) = postSolution
		{9233E60D-918F-4541-A6C6-8DB2CE928F82}.Debug|Any CPU.ActiveCfg = Debug|Any CPU
		{9233E60D-918F-4541-A6C6-8DB2CE928F82}.Debug|Any CPU.Build.0 = Debug|Any CPU
		{9233E60D-918F-4541-A6C6-8DB2CE928F82}.Release|Any CPU.ActiveCfg = Release|Any CPU
		{9233E60D-918F-4541-A6C6-8DB2CE928F82}.Release|Any CPU.Build.0 = Release|Any CPU
	EndGlobalSection
	GlobalSection(SolutionProperties) = preSolution
		HideSolutionNode = FALSE
	EndGlobalSection
	GlobalSection(ExtensibilityGlobals) = postSolution
		SolutionGuid = {CD8016CF-6F8B-40BD-9A21-5DBB635F7BBD}
	EndGlobalSection
EndGlobal
