
Microsoft Visual Studio Solution File, Format Version 12.00
# Visual Studio Version 17
VisualStudioVersion = 17.0.32014.148
MinimumVisualStudioVersion = 10.0.40219.1
Project("{FAE04EC0-301F-11D3-BF4B-00C04F79EFBC}") = "Kattis Add Two Numbers", "Kattis Add Two Numbers.csproj", "{2B79B55C-E179-45E4-9821-BF15B60FE901}"
EndProject
Global
	GlobalSection(SolutionConfigurationPlatforms) = preSolution
		Debug|Any CPU = Debug|Any CPU
		Release|Any CPU = Release|Any CPU
	EndGlobalSection
	GlobalSection(ProjectConfigurationPlatforms) = postSolution
		{2B79B55C-E179-45E4-9821-BF15B60FE901}.Debug|Any CPU.ActiveCfg = Debug|Any CPU
		{2B79B55C-E179-45E4-9821-BF15B60FE901}.Debug|Any CPU.Build.0 = Debug|Any CPU
		{2B79B55C-E179-45E4-9821-BF15B60FE901}.Release|Any CPU.ActiveCfg = Release|Any CPU
		{2B79B55C-E179-45E4-9821-BF15B60FE901}.Release|Any CPU.Build.0 = Release|Any CPU
	EndGlobalSection
	GlobalSection(SolutionProperties) = preSolution
		HideSolutionNode = FALSE
	EndGlobalSection
	GlobalSection(ExtensibilityGlobals) = postSolution
		SolutionGuid = {5FBE79A9-DB6A-400E-8466-8C8FA227747D}
	EndGlobalSection
EndGlobal
