
Microsoft Visual Studio Solution File, Format Version 12.00
# Visual Studio Version 17
VisualStudioVersion = 17.0.32014.148
MinimumVisualStudioVersion = 10.0.40219.1
Project("{FAE04EC0-301F-11D3-BF4B-00C04F79EFBC}") = "Kattis_Homework", "Kattis_Homework.csproj", "{B0ACCCB5-CC37-441C-A4AE-E9F80158339D}"
EndProject
Global
	GlobalSection(SolutionConfigurationPlatforms) = preSolution
		Debug|Any CPU = Debug|Any CPU
		Release|Any CPU = Release|Any CPU
	EndGlobalSection
	GlobalSection(ProjectConfigurationPlatforms) = postSolution
		{B0ACCCB5-CC37-441C-A4AE-E9F80158339D}.Debug|Any CPU.ActiveCfg = Debug|Any CPU
		{B0ACCCB5-CC37-441C-A4AE-E9F80158339D}.Debug|Any CPU.Build.0 = Debug|Any CPU
		{B0ACCCB5-CC37-441C-A4AE-E9F80158339D}.Release|Any CPU.ActiveCfg = Release|Any CPU
		{B0ACCCB5-CC37-441C-A4AE-E9F80158339D}.Release|Any CPU.Build.0 = Release|Any CPU
	EndGlobalSection
	GlobalSection(SolutionProperties) = preSolution
		HideSolutionNode = FALSE
	EndGlobalSection
	GlobalSection(ExtensibilityGlobals) = postSolution
		SolutionGuid = {363E797F-9843-424E-8F47-5430C591C2A1}
	EndGlobalSection
EndGlobal
