
Microsoft Visual Studio Solution File, Format Version 12.00
# Visual Studio Version 17
VisualStudioVersion = 17.0.32014.148
MinimumVisualStudioVersion = 10.0.40219.1
Project("{FAE04EC0-301F-11D3-BF4B-00C04F79EFBC}") = "Stuck_in_a_time_loop", "Stuck_in_a_time_loop.csproj", "{822FA0C9-655E-4555-A1F6-E9C7A3AC1EFA}"
EndProject
Global
	GlobalSection(SolutionConfigurationPlatforms) = preSolution
		Debug|Any CPU = Debug|Any CPU
		Release|Any CPU = Release|Any CPU
	EndGlobalSection
	GlobalSection(ProjectConfigurationPlatforms) = postSolution
		{822FA0C9-655E-4555-A1F6-E9C7A3AC1EFA}.Debug|Any CPU.ActiveCfg = Debug|Any CPU
		{822FA0C9-655E-4555-A1F6-E9C7A3AC1EFA}.Debug|Any CPU.Build.0 = Debug|Any CPU
		{822FA0C9-655E-4555-A1F6-E9C7A3AC1EFA}.Release|Any CPU.ActiveCfg = Release|Any CPU
		{822FA0C9-655E-4555-A1F6-E9C7A3AC1EFA}.Release|Any CPU.Build.0 = Release|Any CPU
	EndGlobalSection
	GlobalSection(SolutionProperties) = preSolution
		HideSolutionNode = FALSE
	EndGlobalSection
	GlobalSection(ExtensibilityGlobals) = postSolution
		SolutionGuid = {9154298E-C8A4-40DF-83C1-15DE833D7B58}
	EndGlobalSection
EndGlobal
